
Microsoft Visual Studio Solution File, Format Version 12.00
# Visual Studio 15
VisualStudioVersion = 15.0.27130.2010
MinimumVisualStudioVersion = 10.0.40219.1
Project("{FAE04EC0-301F-11D3-BF4B-00C04F79EFBC}") = "Shuttle.Esb.Sql.Queue", "Shuttle.Esb.Sql.Queue\Shuttle.Esb.Sql.Queue.csproj", "{76ED5374-82F2-471F-BF7C-8F78F0748146}"
EndProject
Project("{FAE04EC0-301F-11D3-BF4B-00C04F79EFBC}") = "Shuttle.Esb.Sql.Queue.Tests", "Shuttle.Esb.Sql.Queue.Tests\Shuttle.Esb.Sql.Queue.Tests.csproj", "{1541200B-6821-45A1-AFD7-4545775A11A1}"
EndProject
Global
	GlobalSection(SolutionConfigurationPlatforms) = preSolution
		Debug|Any CPU = Debug|Any CPU
		Release|Any CPU = Release|Any CPU
	EndGlobalSection
	GlobalSection(ProjectConfigurationPlatforms) = postSolution
		{76ED5374-82F2-471F-BF7C-8F78F0748146}.Debug|Any CPU.ActiveCfg = Debug|Any CPU
		{76ED5374-82F2-471F-BF7C-8F78F0748146}.Debug|Any CPU.Build.0 = Debug|Any CPU
		{76ED5374-82F2-471F-BF7C-8F78F0748146}.Release|Any CPU.ActiveCfg = Release|Any CPU
		{76ED5374-82F2-471F-BF7C-8F78F0748146}.Release|Any CPU.Build.0 = Release|Any CPU
		{1541200B-6821-45A1-AFD7-4545775A11A1}.Debug|Any CPU.ActiveCfg = Debug|Any CPU
		{1541200B-6821-45A1-AFD7-4545775A11A1}.Debug|Any CPU.Build.0 = Debug|Any CPU
		{1541200B-6821-45A1-AFD7-4545775A11A1}.Release|Any CPU.ActiveCfg = Release|Any CPU
		{1541200B-6821-45A1-AFD7-4545775A11A1}.Release|Any CPU.Build.0 = Release|Any CPU
	EndGlobalSection
	GlobalSection(SolutionProperties) = preSolution
		HideSolutionNode = FALSE
	EndGlobalSection
	GlobalSection(ExtensibilityGlobals) = postSolution
		SolutionGuid = {210DDAF4-5590-45B6-87C6-82F28CD99D16}
	EndGlobalSection
EndGlobal
